
Microsoft Visual Studio Solution File, Format Version 12.00
# Visual Studio 14
VisualStudioVersion = 14.0.25420.1
MinimumVisualStudioVersion = 10.0.40219.1
Project("{FAE04EC0-301F-11D3-BF4B-00C04F79EFBC}") = "Reportz", "Reportz\Reportz.csproj", "{6F832A32-F086-4361-879C-9327D51FE14B}"
EndProject
Project("{FAE04EC0-301F-11D3-BF4B-00C04F79EFBC}") = "Reportz.Core", "Reportz.Core\Reportz.Core.csproj", "{D6260D79-07FA-4179-989F-7B01007AD218}"
EndProject
Project("{2150E333-8FDC-42A3-9474-1A3956D46DE8}") = "Solution items", "Solution items", "{100F9813-D77F-465C-BA32-8EAC04093CC2}"
	ProjectSection(SolutionItems) = preProject
		DevDoc.txt = DevDoc.txt
		SharedAssemblyInfo.cs = SharedAssemblyInfo.cs
	EndProjectSection
EndProject
Project("{FAE04EC0-301F-11D3-BF4B-00C04F79EFBC}") = "Reportz.Scripting", "Reportz.Scripting\Reportz.Scripting.csproj", "{60727EA6-1FC4-440F-97F7-2500F5DAFBFE}"
EndProject
Project("{FAE04EC0-301F-11D3-BF4B-00C04F79EFBC}") = "Reportz.Plugin.ProjectPlace", "Reportz.Plugin.ProjectPlace\Reportz.Plugin.ProjectPlace.csproj", "{4B69B7CE-D025-483C-AC76-0A6E66DFAFB0}"
EndProject
Project("{2150E333-8FDC-42A3-9474-1A3956D46DE8}") = "Plugins", "Plugins", "{F3F67F62-F24D-4943-A6B5-CDB85892DA44}"
EndProject
Project("{FAE04EC0-301F-11D3-BF4B-00C04F79EFBC}") = "Reportz.Tests", "Reportz.Tests\Reportz.Tests.csproj", "{CE9B8D51-9F32-42D9-A0BD-5B0E9BA4D517}"
EndProject
Global
	GlobalSection(SolutionConfigurationPlatforms) = preSolution
		Debug|Any CPU = Debug|Any CPU
		Release|Any CPU = Release|Any CPU
	EndGlobalSection
	GlobalSection(ProjectConfigurationPlatforms) = postSolution
		{6F832A32-F086-4361-879C-9327D51FE14B}.Debug|Any CPU.ActiveCfg = Debug|Any CPU
		{6F832A32-F086-4361-879C-9327D51FE14B}.Debug|Any CPU.Build.0 = Debug|Any CPU
		{6F832A32-F086-4361-879C-9327D51FE14B}.Release|Any CPU.ActiveCfg = Release|Any CPU
		{6F832A32-F086-4361-879C-9327D51FE14B}.Release|Any CPU.Build.0 = Release|Any CPU
		{D6260D79-07FA-4179-989F-7B01007AD218}.Debug|Any CPU.ActiveCfg = Debug|Any CPU
		{D6260D79-07FA-4179-989F-7B01007AD218}.Debug|Any CPU.Build.0 = Debug|Any CPU
		{D6260D79-07FA-4179-989F-7B01007AD218}.Release|Any CPU.ActiveCfg = Release|Any CPU
		{D6260D79-07FA-4179-989F-7B01007AD218}.Release|Any CPU.Build.0 = Release|Any CPU
		{60727EA6-1FC4-440F-97F7-2500F5DAFBFE}.Debug|Any CPU.ActiveCfg = Debug|Any CPU
		{60727EA6-1FC4-440F-97F7-2500F5DAFBFE}.Debug|Any CPU.Build.0 = Debug|Any CPU
		{60727EA6-1FC4-440F-97F7-2500F5DAFBFE}.Release|Any CPU.ActiveCfg = Release|Any CPU
		{60727EA6-1FC4-440F-97F7-2500F5DAFBFE}.Release|Any CPU.Build.0 = Release|Any CPU
		{4B69B7CE-D025-483C-AC76-0A6E66DFAFB0}.Debug|Any CPU.ActiveCfg = Debug|Any CPU
		{4B69B7CE-D025-483C-AC76-0A6E66DFAFB0}.Debug|Any CPU.Build.0 = Debug|Any CPU
		{4B69B7CE-D025-483C-AC76-0A6E66DFAFB0}.Release|Any CPU.ActiveCfg = Release|Any CPU
		{4B69B7CE-D025-483C-AC76-0A6E66DFAFB0}.Release|Any CPU.Build.0 = Release|Any CPU
		{CE9B8D51-9F32-42D9-A0BD-5B0E9BA4D517}.Debug|Any CPU.ActiveCfg = Debug|Any CPU
		{CE9B8D51-9F32-42D9-A0BD-5B0E9BA4D517}.Debug|Any CPU.Build.0 = Debug|Any CPU
		{CE9B8D51-9F32-42D9-A0BD-5B0E9BA4D517}.Release|Any CPU.ActiveCfg = Release|Any CPU
		{CE9B8D51-9F32-42D9-A0BD-5B0E9BA4D517}.Release|Any CPU.Build.0 = Release|Any CPU
	EndGlobalSection
	GlobalSection(SolutionProperties) = preSolution
		HideSolutionNode = FALSE
	EndGlobalSection
	GlobalSection(NestedProjects) = preSolution
		{4B69B7CE-D025-483C-AC76-0A6E66DFAFB0} = {F3F67F62-F24D-4943-A6B5-CDB85892DA44}
	EndGlobalSection
EndGlobal
